// !$*UTF8*$!
{
	archiveVersion = 1;
	classes = {
	};
	objectVersion = 56;
	objects = {

/* Begin PBXBuildFile section */
		043E5B7E42DE416F19CE8C86 /* Pods_SQLiteSwiftUI.framework in Frameworks */ = {isa = PBXBuildFile; fileRef = EC22D52E9050F0E00BA21889 /* Pods_SQLiteSwiftUI.framework */; };
		265B377029574D7500C4F4E4 /* SQLiteView.swift in Sources */ = {isa = PBXBuildFile; fileRef = 265B376F29574D7500C4F4E4 /* SQLiteView.swift */; };
		265B377229574E3300C4F4E4 /* EditExpenseView.swift in Sources */ = {isa = PBXBuildFile; fileRef = 265B377129574E3300C4F4E4 /* EditExpenseView.swift */; };
		265B37742957900F00C4F4E4 /* ChartView.swift in Sources */ = {isa = PBXBuildFile; fileRef = 265B37732957900F00C4F4E4 /* ChartView.swift */; };
		26832614293C0777005C875A /* SQLiteSwiftUIApp.swift in Sources */ = {isa = PBXBuildFile; fileRef = 26832613293C0777005C875A /* SQLiteSwiftUIApp.swift */; };
		26832616293C0777005C875A /* ContentView.swift in Sources */ = {isa = PBXBuildFile; fileRef = 26832615293C0777005C875A /* ContentView.swift */; };
		26832618293C0778005C875A /* Assets.xcassets in Resources */ = {isa = PBXBuildFile; fileRef = 26832617293C0778005C875A /* Assets.xcassets */; };
		2683261B293C0778005C875A /* Preview Assets.xcassets in Resources */ = {isa = PBXBuildFile; fileRef = 2683261A293C0778005C875A /* Preview Assets.xcassets */; };
		2688797329588D5D007087A8 /* SwiftUICharts in Frameworks */ = {isa = PBXBuildFile; productRef = 2688797229588D5D007087A8 /* SwiftUICharts */; };
		26C9986129411CBF008753D3 /* SQLite in Frameworks */ = {isa = PBXBuildFile; productRef = 26C9986029411CBF008753D3 /* SQLite */; };
		26C9986329411FD1008753D3 /* ExpenseModel.swift in Sources */ = {isa = PBXBuildFile; fileRef = 26C9986229411FD1008753D3 /* ExpenseModel.swift */; };
		26C9986529412212008753D3 /* DBManager.swift in Sources */ = {isa = PBXBuildFile; fileRef = 26C9986429412212008753D3 /* DBManager.swift */; };
		26C9986D29424C90008753D3 /* AddExpenseView.swift in Sources */ = {isa = PBXBuildFile; fileRef = 26C9986C29424C90008753D3 /* AddExpenseView.swift */; };
/* End PBXBuildFile section */

/* Begin PBXFileReference section */
		265B376F29574D7500C4F4E4 /* SQLiteView.swift */ = {isa = PBXFileReference; fileEncoding = 4; lastKnownFileType = sourcecode.swift; path = SQLiteView.swift; sourceTree = "<group>"; };
		265B377129574E3300C4F4E4 /* EditExpenseView.swift */ = {isa = PBXFileReference; fileEncoding = 4; lastKnownFileType = sourcecode.swift; path = EditExpenseView.swift; sourceTree = "<group>"; };
		265B37732957900F00C4F4E4 /* ChartView.swift */ = {isa = PBXFileReference; fileEncoding = 4; lastKnownFileType = sourcecode.swift; path = ChartView.swift; sourceTree = "<group>"; };
		26832610293C0777005C875A /* SQLiteSwiftUI.app */ = {isa = PBXFileReference; explicitFileType = wrapper.application; includeInIndex = 0; path = SQLiteSwiftUI.app; sourceTree = BUILT_PRODUCTS_DIR; };
		26832613293C0777005C875A /* SQLiteSwiftUIApp.swift */ = {isa = PBXFileReference; lastKnownFileType = sourcecode.swift; path = SQLiteSwiftUIApp.swift; sourceTree = "<group>"; };
		26832615293C0777005C875A /* ContentView.swift */ = {isa = PBXFileReference; lastKnownFileType = sourcecode.swift; path = ContentView.swift; sourceTree = "<group>"; };
		26832617293C0778005C875A /* Assets.xcassets */ = {isa = PBXFileReference; lastKnownFileType = folder.assetcatalog; path = Assets.xcassets; sourceTree = "<group>"; };
		2683261A293C0778005C875A /* Preview Assets.xcassets */ = {isa = PBXFileReference; lastKnownFileType = folder.assetcatalog; path = "Preview Assets.xcassets"; sourceTree = "<group>"; };
		26C9986229411FD1008753D3 /* ExpenseModel.swift */ = {isa = PBXFileReference; lastKnownFileType = sourcecode.swift; path = ExpenseModel.swift; sourceTree = "<group>"; };
		26C9986429412212008753D3 /* DBManager.swift */ = {isa = PBXFileReference; lastKnownFileType = sourcecode.swift; path = DBManager.swift; sourceTree = "<group>"; };
		26C9986C29424C90008753D3 /* AddExpenseView.swift */ = {isa = PBXFileReference; lastKnownFileType = sourcecode.swift; path = AddExpenseView.swift; sourceTree = "<group>"; };
		51694BF3D1B3D52722614716 /* Pods-SQLiteSwiftUI.debug.xcconfig */ = {isa = PBXFileReference; includeInIndex = 1; lastKnownFileType = text.xcconfig; name = "Pods-SQLiteSwiftUI.debug.xcconfig"; path = "Target Support Files/Pods-SQLiteSwiftUI/Pods-SQLiteSwiftUI.debug.xcconfig"; sourceTree = "<group>"; };
		EC22D52E9050F0E00BA21889 /* Pods_SQLiteSwiftUI.framework */ = {isa = PBXFileReference; explicitFileType = wrapper.framework; includeInIndex = 0; path = Pods_SQLiteSwiftUI.framework; sourceTree = BUILT_PRODUCTS_DIR; };
		FC0BB6A6292BF8A5BE0488CE /* Pods-SQLiteSwiftUI.release.xcconfig */ = {isa = PBXFileReference; includeInIndex = 1; lastKnownFileType = text.xcconfig; name = "Pods-SQLiteSwiftUI.release.xcconfig"; path = "Target Support Files/Pods-SQLiteSwiftUI/Pods-SQLiteSwiftUI.release.xcconfig"; sourceTree = "<group>"; };
/* End PBXFileReference section */

/* Begin PBXFrameworksBuildPhase section */
		2683260D293C0777005C875A /* Frameworks */ = {
			isa = PBXFrameworksBuildPhase;
			buildActionMask = 2147483647;
			files = (
				2688797329588D5D007087A8 /* SwiftUICharts in Frameworks */,
				26C9986129411CBF008753D3 /* SQLite in Frameworks */,
				043E5B7E42DE416F19CE8C86 /* Pods_SQLiteSwiftUI.framework in Frameworks */,
			);
			runOnlyForDeploymentPostprocessing = 0;
		};
/* End PBXFrameworksBuildPhase section */

/* Begin PBXGroup section */
		26832607293C0776005C875A = {
			isa = PBXGroup;
			children = (
				26832612293C0777005C875A /* SQLiteSwiftUI */,
				26832611293C0777005C875A /* Products */,
				64BA4731C634FF69E577E4C9 /* Pods */,
				8CFDCA0289CF617102ABBA12 /* Frameworks */,
			);
			sourceTree = "<group>";
		};
		26832611293C0777005C875A /* Products */ = {
			isa = PBXGroup;
			children = (
				26832610293C0777005C875A /* SQLiteSwiftUI.app */,
			);
			name = Products;
			sourceTree = "<group>";
		};
		26832612293C0777005C875A /* SQLiteSwiftUI */ = {
			isa = PBXGroup;
			children = (
				265B37732957900F00C4F4E4 /* ChartView.swift */,
				265B377129574E3300C4F4E4 /* EditExpenseView.swift */,
				265B376F29574D7500C4F4E4 /* SQLiteView.swift */,
				26832613293C0777005C875A /* SQLiteSwiftUIApp.swift */,
				26832615293C0777005C875A /* ContentView.swift */,
				26C9986C29424C90008753D3 /* AddExpenseView.swift */,
				26C9986429412212008753D3 /* DBManager.swift */,
				26C9986229411FD1008753D3 /* ExpenseModel.swift */,
				26832617293C0778005C875A /* Assets.xcassets */,
				26832619293C0778005C875A /* Preview Content */,
			);
			path = SQLiteSwiftUI;
			sourceTree = "<group>";
		};
		26832619293C0778005C875A /* Preview Content */ = {
			isa = PBXGroup;
			children = (
				2683261A293C0778005C875A /* Preview Assets.xcassets */,
			);
			path = "Preview Content";
			sourceTree = "<group>";
		};
		64BA4731C634FF69E577E4C9 /* Pods */ = {
			isa = PBXGroup;
			children = (
				51694BF3D1B3D52722614716 /* Pods-SQLiteSwiftUI.debug.xcconfig */,
				FC0BB6A6292BF8A5BE0488CE /* Pods-SQLiteSwiftUI.release.xcconfig */,
			);
			path = Pods;
			sourceTree = "<group>";
		};
		8CFDCA0289CF617102ABBA12 /* Frameworks */ = {
			isa = PBXGroup;
			children = (
				EC22D52E9050F0E00BA21889 /* Pods_SQLiteSwiftUI.framework */,
			);
			name = Frameworks;
			sourceTree = "<group>";
		};
/* End PBXGroup section */

/* Begin PBXNativeTarget section */
		2683260F293C0777005C875A /* SQLiteSwiftUI */ = {
			isa = PBXNativeTarget;
			buildConfigurationList = 2683261E293C0778005C875A /* Build configuration list for PBXNativeTarget "SQLiteSwiftUI" */;
			buildPhases = (
				CA71B8C963A8E3BB9CA3E3BA /* [CP] Check Pods Manifest.lock */,
				2683260C293C0777005C875A /* Sources */,
				2683260D293C0777005C875A /* Frameworks */,
				2683260E293C0777005C875A /* Resources */,
				FC754F8098BDCCA68A3C1BC7 /* [CP] Embed Pods Frameworks */,
			);
			buildRules = (
			);
			dependencies = (
			);
			name = SQLiteSwiftUI;
			packageProductDependencies = (
				26C9986029411CBF008753D3 /* SQLite */,
				2688797229588D5D007087A8 /* SwiftUICharts */,
			);
			productName = SQLiteSwiftUI;
			productReference = 26832610293C0777005C875A /* SQLiteSwiftUI.app */;
			productType = "com.apple.product-type.application";
		};
/* End PBXNativeTarget section */

/* Begin PBXProject section */
		26832608293C0776005C875A /* Project object */ = {
			isa = PBXProject;
			attributes = {
				BuildIndependentTargetsInParallel = 1;
				LastSwiftUpdateCheck = 1410;
				LastUpgradeCheck = 1410;
				TargetAttributes = {
					2683260F293C0777005C875A = {
						CreatedOnToolsVersion = 14.1;
					};
				};
			};
			buildConfigurationList = 2683260B293C0776005C875A /* Build configuration list for PBXProject "SQLiteSwiftUI" */;
			compatibilityVersion = "Xcode 14.0";
			developmentRegion = en;
			hasScannedForEncodings = 0;
			knownRegions = (
				en,
				Base,
			);
			mainGroup = 26832607293C0776005C875A;
			packageReferences = (
				26C9985F29411CBE008753D3 /* XCRemoteSwiftPackageReference "SQLite.swift" */,
				2688797129588D5D007087A8 /* XCRemoteSwiftPackageReference "ChartView" */,
			);
			productRefGroup = 26832611293C0777005C875A /* Products */;
			projectDirPath = "";
			projectRoot = "";
			targets = (
				2683260F293C0777005C875A /* SQLiteSwiftUI */,
			);
		};
/* End PBXProject section */

/* Begin PBXResourcesBuildPhase section */
		2683260E293C0777005C875A /* Resources */ = {
			isa = PBXResourcesBuildPhase;
			buildActionMask = 2147483647;
			files = (
				2683261B293C0778005C875A /* Preview Assets.xcassets in Resources */,
				26832618293C0778005C875A /* Assets.xcassets in Resources */,
			);
			runOnlyForDeploymentPostprocessing = 0;
		};
/* End PBXResourcesBuildPhase section */

/* Begin PBXShellScriptBuildPhase section */
		CA71B8C963A8E3BB9CA3E3BA /* [CP] Check Pods Manifest.lock */ = {
			isa = PBXShellScriptBuildPhase;
			buildActionMask = 2147483647;
			files = (
			);
			inputFileListPaths = (
			);
			inputPaths = (
				"${PODS_PODFILE_DIR_PATH}/Podfile.lock",
				"${PODS_ROOT}/Manifest.lock",
			);
			name = "[CP] Check Pods Manifest.lock";
			outputFileListPaths = (
			);
			outputPaths = (
				"$(DERIVED_FILE_DIR)/Pods-SQLiteSwiftUI-checkManifestLockResult.txt",
			);
			runOnlyForDeploymentPostprocessing = 0;
			shellPath = /bin/sh;
			shellScript = "diff \"${PODS_PODFILE_DIR_PATH}/Podfile.lock\" \"${PODS_ROOT}/Manifest.lock\" > /dev/null\nif [ $? != 0 ] ; then\n    # print error to STDERR\n    echo \"error: The sandbox is not in sync with the Podfile.lock. Run 'pod install' or update your CocoaPods installation.\" >&2\n    exit 1\nfi\n# This output is used by Xcode 'outputs' to avoid re-running this script phase.\necho \"SUCCESS\" > \"${SCRIPT_OUTPUT_FILE_0}\"\n";
			showEnvVarsInLog = 0;
		};
		FC754F8098BDCCA68A3C1BC7 /* [CP] Embed Pods Frameworks */ = {
			isa = PBXShellScriptBuildPhase;
			buildActionMask = 2147483647;
			files = (
			);
			inputFileListPaths = (
				"${PODS_ROOT}/Target Support Files/Pods-SQLiteSwiftUI/Pods-SQLiteSwiftUI-frameworks-${CONFIGURATION}-input-files.xcfilelist",
			);
			name = "[CP] Embed Pods Frameworks";
			outputFileListPaths = (
				"${PODS_ROOT}/Target Support Files/Pods-SQLiteSwiftUI/Pods-SQLiteSwiftUI-frameworks-${CONFIGURATION}-output-files.xcfilelist",
			);
			runOnlyForDeploymentPostprocessing = 0;
			shellPath = /bin/sh;
			shellScript = "\"${PODS_ROOT}/Target Support Files/Pods-SQLiteSwiftUI/Pods-SQLiteSwiftUI-frameworks.sh\"\n";
			showEnvVarsInLog = 0;
		};
/* End PBXShellScriptBuildPhase section */

/* Begin PBXSourcesBuildPhase section */
		2683260C293C0777005C875A /* Sources */ = {
			isa = PBXSourcesBuildPhase;
			buildActionMask = 2147483647;
			files = (
				26C9986329411FD1008753D3 /* ExpenseModel.swift in Sources */,
				26832616293C0777005C875A /* ContentView.swift in Sources */,
				26C9986D29424C90008753D3 /* AddExpenseView.swift in Sources */,
				26832614293C0777005C875A /* SQLiteSwiftUIApp.swift in Sources */,
				265B377229574E3300C4F4E4 /* EditExpenseView.swift in Sources */,
				265B377029574D7500C4F4E4 /* SQLiteView.swift in Sources */,
				26C9986529412212008753D3 /* DBManager.swift in Sources */,
				265B37742957900F00C4F4E4 /* ChartView.swift in Sources */,
			);
			runOnlyForDeploymentPostprocessing = 0;
		};
/* End PBXSourcesBuildPhase section */

/* Begin XCBuildConfiguration section */
		2683261C293C0778005C875A /* Debug */ = {
			isa = XCBuildConfiguration;
			buildSettings = {
				ALWAYS_SEARCH_USER_PATHS = NO;
				CLANG_ANALYZER_NONNULL = YES;
				CLANG_ANALYZER_NUMBER_OBJECT_CONVERSION = YES_AGGRESSIVE;
				CLANG_CXX_LANGUAGE_STANDARD = "gnu++20";
				CLANG_ENABLE_MODULES = YES;
				CLANG_ENABLE_OBJC_ARC = YES;
				CLANG_ENABLE_OBJC_WEAK = YES;
				CLANG_WARN_BLOCK_CAPTURE_AUTORELEASING = YES;
				CLANG_WARN_BOOL_CONVERSION = YES;
				CLANG_WARN_COMMA = YES;
				CLANG_WARN_CONSTANT_CONVERSION = YES;
				CLANG_WARN_DEPRECATED_OBJC_IMPLEMENTATIONS = YES;
				CLANG_WARN_DIRECT_OBJC_ISA_USAGE = YES_ERROR;
				CLANG_WARN_DOCUMENTATION_COMMENTS = YES;
				CLANG_WARN_EMPTY_BODY = YES;
				CLANG_WARN_ENUM_CONVERSION = YES;
				CLANG_WARN_INFINITE_RECURSION = YES;
				CLANG_WARN_INT_CONVERSION = YES;
				CLANG_WARN_NON_LITERAL_NULL_CONVERSION = YES;
				CLANG_WARN_OBJC_IMPLICIT_RETAIN_SELF = YES;
				CLANG_WARN_OBJC_LITERAL_CONVERSION = YES;
				CLANG_WARN_OBJC_ROOT_CLASS = YES_ERROR;
				CLANG_WARN_QUOTED_INCLUDE_IN_FRAMEWORK_HEADER = YES;
				CLANG_WARN_RANGE_LOOP_ANALYSIS = YES;
				CLANG_WARN_STRICT_PROTOTYPES = YES;
				CLANG_WARN_SUSPICIOUS_MOVE = YES;
				CLANG_WARN_UNGUARDED_AVAILABILITY = YES_AGGRESSIVE;
				CLANG_WARN_UNREACHABLE_CODE = YES;
				CLANG_WARN__DUPLICATE_METHOD_MATCH = YES;
				COPY_PHASE_STRIP = NO;
				DEBUG_INFORMATION_FORMAT = dwarf;
				ENABLE_STRICT_OBJC_MSGSEND = YES;
				ENABLE_TESTABILITY = YES;
				GCC_C_LANGUAGE_STANDARD = gnu11;
				GCC_DYNAMIC_NO_PIC = NO;
				GCC_NO_COMMON_BLOCKS = YES;
				GCC_OPTIMIZATION_LEVEL = 0;
				GCC_PREPROCESSOR_DEFINITIONS = (
					"DEBUG=1",
					"$(inherited)",
				);
				GCC_WARN_64_TO_32_BIT_CONVERSION = YES;
				GCC_WARN_ABOUT_RETURN_TYPE = YES_ERROR;
				GCC_WARN_UNDECLARED_SELECTOR = YES;
				GCC_WARN_UNINITIALIZED_AUTOS = YES_AGGRESSIVE;
				GCC_WARN_UNUSED_FUNCTION = YES;
				GCC_WARN_UNUSED_VARIABLE = YES;
				IPHONEOS_DEPLOYMENT_TARGET = 16.1;
				MTL_ENABLE_DEBUG_INFO = INCLUDE_SOURCE;
				MTL_FAST_MATH = YES;
				ONLY_ACTIVE_ARCH = YES;
				SDKROOT = iphoneos;
				SWIFT_ACTIVE_COMPILATION_CONDITIONS = DEBUG;
				SWIFT_OPTIMIZATION_LEVEL = "-Onone";
			};
			name = Debug;
		};
		2683261D293C0778005C875A /* Release */ = {
			isa = XCBuildConfiguration;
			buildSettings = {
				ALWAYS_SEARCH_USER_PATHS = NO;
				CLANG_ANALYZER_NONNULL = YES;
				CLANG_ANALYZER_NUMBER_OBJECT_CONVERSION = YES_AGGRESSIVE;
				CLANG_CXX_LANGUAGE_STANDARD = "gnu++20";
				CLANG_ENABLE_MODULES = YES;
				CLANG_ENABLE_OBJC_ARC = YES;
				CLANG_ENABLE_OBJC_WEAK = YES;
				CLANG_WARN_BLOCK_CAPTURE_AUTORELEASING = YES;
				CLANG_WARN_BOOL_CONVERSION = YES;
				CLANG_WARN_COMMA = YES;
				CLANG_WARN_CONSTANT_CONVERSION = YES;
				CLANG_WARN_DEPRECATED_OBJC_IMPLEMENTATIONS = YES;
				CLANG_WARN_DIRECT_OBJC_ISA_USAGE = YES_ERROR;
				CLANG_WARN_DOCUMENTATION_COMMENTS = YES;
				CLANG_WARN_EMPTY_BODY = YES;
				CLANG_WARN_ENUM_CONVERSION = YES;
				CLANG_WARN_INFINITE_RECURSION = YES;
				CLANG_WARN_INT_CONVERSION = YES;
				CLANG_WARN_NON_LITERAL_NULL_CONVERSION = YES;
				CLANG_WARN_OBJC_IMPLICIT_RETAIN_SELF = YES;
				CLANG_WARN_OBJC_LITERAL_CONVERSION = YES;
				CLANG_WARN_OBJC_ROOT_CLASS = YES_ERROR;
				CLANG_WARN_QUOTED_INCLUDE_IN_FRAMEWORK_HEADER = YES;
				CLANG_WARN_RANGE_LOOP_ANALYSIS = YES;
				CLANG_WARN_STRICT_PROTOTYPES = YES;
				CLANG_WARN_SUSPICIOUS_MOVE = YES;
				CLANG_WARN_UNGUARDED_AVAILABILITY = YES_AGGRESSIVE;
				CLANG_WARN_UNREACHABLE_CODE = YES;
				CLANG_WARN__DUPLICATE_METHOD_MATCH = YES;
				COPY_PHASE_STRIP = NO;
				DEBUG_INFORMATION_FORMAT = "dwarf-with-dsym";
				ENABLE_NS_ASSERTIONS = NO;
				ENABLE_STRICT_OBJC_MSGSEND = YES;
				GCC_C_LANGUAGE_STANDARD = gnu11;
				GCC_NO_COMMON_BLOCKS = YES;
				GCC_WARN_64_TO_32_BIT_CONVERSION = YES;
				GCC_WARN_ABOUT_RETURN_TYPE = YES_ERROR;
				GCC_WARN_UNDECLARED_SELECTOR = YES;
				GCC_WARN_UNINITIALIZED_AUTOS = YES_AGGRESSIVE;
				GCC_WARN_UNUSED_FUNCTION = YES;
				GCC_WARN_UNUSED_VARIABLE = YES;
				IPHONEOS_DEPLOYMENT_TARGET = 16.1;
				MTL_ENABLE_DEBUG_INFO = NO;
				MTL_FAST_MATH = YES;
				SDKROOT = iphoneos;
				SWIFT_COMPILATION_MODE = wholemodule;
				SWIFT_OPTIMIZATION_LEVEL = "-O";
				VALIDATE_PRODUCT = YES;
			};
			name = Release;
		};
		2683261F293C0778005C875A /* Debug */ = {
			isa = XCBuildConfiguration;
			baseConfigurationReference = 51694BF3D1B3D52722614716 /* Pods-SQLiteSwiftUI.debug.xcconfig */;
			buildSettings = {
				ASSETCATALOG_COMPILER_APPICON_NAME = AppIcon;
				ASSETCATALOG_COMPILER_GLOBAL_ACCENT_COLOR_NAME = AccentColor;
				CODE_SIGN_STYLE = Automatic;
				CURRENT_PROJECT_VERSION = 1;
				DEVELOPMENT_ASSET_PATHS = "\"SQLiteSwiftUI/Preview Content\"";
				DEVELOPMENT_TEAM = B9GNY4R24C;
				ENABLE_PREVIEWS = YES;
				GENERATE_INFOPLIST_FILE = YES;
				INFOPLIST_KEY_UIApplicationSceneManifest_Generation = YES;
				INFOPLIST_KEY_UIApplicationSupportsIndirectInputEvents = YES;
				INFOPLIST_KEY_UILaunchScreen_Generation = YES;
				INFOPLIST_KEY_UISupportedInterfaceOrientations = UIInterfaceOrientationPortrait;
				INFOPLIST_KEY_UISupportedInterfaceOrientations_iPad = "UIInterfaceOrientationLandscapeLeft UIInterfaceOrientationLandscapeRight UIInterfaceOrientationPortrait UIInterfaceOrientationPortraitUpsideDown";
				IPHONEOS_DEPLOYMENT_TARGET = 16.0;
				LD_RUNPATH_SEARCH_PATHS = (
					"$(inherited)",
					"@executable_path/Frameworks",
				);
				MARKETING_VERSION = 1.0;
				PRODUCT_BUNDLE_IDENTIFIER = Seek4U.SQLiteSwiftUI;
				PRODUCT_NAME = "$(TARGET_NAME)";
				SUPPORTED_PLATFORMS = "iphoneos iphonesimulator";
				SUPPORTS_MACCATALYST = NO;
				SUPPORTS_MAC_DESIGNED_FOR_IPHONE_IPAD = YES;
				SWIFT_EMIT_LOC_STRINGS = YES;
				SWIFT_VERSION = 5.0;
				TARGETED_DEVICE_FAMILY = 1;
			};
			name = Debug;
		};
		26832620293C0778005C875A /* Release */ = {
			isa = XCBuildConfiguration;
			baseConfigurationReference = FC0BB6A6292BF8A5BE0488CE /* Pods-SQLiteSwiftUI.release.xcconfig */;
			buildSettings = {
				ASSETCATALOG_COMPILER_APPICON_NAME = AppIcon;
				ASSETCATALOG_COMPILER_GLOBAL_ACCENT_COLOR_NAME = AccentColor;
				CODE_SIGN_STYLE = Automatic;
				CURRENT_PROJECT_VERSION = 1;
				DEVELOPMENT_ASSET_PATHS = "\"SQLiteSwiftUI/Preview Content\"";
				DEVELOPMENT_TEAM = B9GNY4R24C;
				ENABLE_PREVIEWS = YES;
				GENERATE_INFOPLIST_FILE = YES;
				INFOPLIST_KEY_UIApplicationSceneManifest_Generation = YES;
				INFOPLIST_KEY_UIApplicationSupportsIndirectInputEvents = YES;
				INFOPLIST_KEY_UILaunchScreen_Generation = YES;
				INFOPLIST_KEY_UISupportedInterfaceOrientations = UIInterfaceOrientationPortrait;
				INFOPLIST_KEY_UISupportedInterfaceOrientations_iPad = "UIInterfaceOrientationLandscapeLeft UIInterfaceOrientationLandscapeRight UIInterfaceOrientationPortrait UIInterfaceOrientationPortraitUpsideDown";
				IPHONEOS_DEPLOYMENT_TARGET = 16.0;
				LD_RUNPATH_SEARCH_PATHS = (
					"$(inherited)",
					"@executable_path/Frameworks",
				);
				MARKETING_VERSION = 1.0;
				PRODUCT_BUNDLE_IDENTIFIER = Seek4U.SQLiteSwiftUI;
				PRODUCT_NAME = "$(TARGET_NAME)";
				SUPPORTED_PLATFORMS = "iphoneos iphonesimulator";
				SUPPORTS_MACCATALYST = NO;
				SUPPORTS_MAC_DESIGNED_FOR_IPHONE_IPAD = YES;
				SWIFT_EMIT_LOC_STRINGS = YES;
				SWIFT_VERSION = 5.0;
				TARGETED_DEVICE_FAMILY = 1;
			};
			name = Release;
		};
/* End XCBuildConfiguration section */

/* Begin XCConfigurationList section */
		2683260B293C0776005C875A /* Build configuration list for PBXProject "SQLiteSwiftUI" */ = {
			isa = XCConfigurationList;
			buildConfigurations = (
				2683261C293C0778005C875A /* Debug */,
				2683261D293C0778005C875A /* Release */,
			);
			defaultConfigurationIsVisible = 0;
			defaultConfigurationName = Release;
		};
		2683261E293C0778005C875A /* Build configuration list for PBXNativeTarget "SQLiteSwiftUI" */ = {
			isa = XCConfigurationList;
			buildConfigurations = (
				2683261F293C0778005C875A /* Debug */,
				26832620293C0778005C875A /* Release */,
			);
			defaultConfigurationIsVisible = 0;
			defaultConfigurationName = Release;
		};
/* End XCConfigurationList section */

/* Begin XCRemoteSwiftPackageReference section */
		2688797129588D5D007087A8 /* XCRemoteSwiftPackageReference "ChartView" */ = {
			isa = XCRemoteSwiftPackageReference;
			repositoryURL = "https://github.com/AppPear/ChartView.git";
			requirement = {
				kind = exactVersion;
				version = 1.5.5;
			};
		};
		26C9985F29411CBE008753D3 /* XCRemoteSwiftPackageReference "SQLite.swift" */ = {
			isa = XCRemoteSwiftPackageReference;
			repositoryURL = "https://github.com/stephencelis/SQLite.swift.git";
			requirement = {
				branch = master;
				kind = branch;
			};
		};
/* End XCRemoteSwiftPackageReference section */

/* Begin XCSwiftPackageProductDependency section */
		2688797229588D5D007087A8 /* SwiftUICharts */ = {
			isa = XCSwiftPackageProductDependency;
			package = 2688797129588D5D007087A8 /* XCRemoteSwiftPackageReference "ChartView" */;
			productName = SwiftUICharts;
		};
		26C9986029411CBF008753D3 /* SQLite */ = {
			isa = XCSwiftPackageProductDependency;
			package = 26C9985F29411CBE008753D3 /* XCRemoteSwiftPackageReference "SQLite.swift" */;
			productName = SQLite;
		};
/* End XCSwiftPackageProductDependency section */
	};
	rootObject = 26832608293C0776005C875A /* Project object */;
}
